<?xml version="1.0" encoding="utf-8"?>
<Project ToolsVersion="4.0" xmlns="http://schemas.microsoft.com/developer/msbuild/2003">
  <ItemGroup>
    <Filter Include="Source Files">
      <UniqueIdentifier>{4FC737F1-C7A5-4376-A066-2A32D752A2FF}</UniqueIdentifier>
      <Extensions>cpp;c;cc;cxx;def;odl;idl;hpj;bat;asm;asmx</Extensions>
    </Filter>
    <Filter Include="Include Files">
      <UniqueIdentifier>{5b97f52b-fa4b-4764-aba0-0b0ad8d7e31c}</UniqueIdentifier>
    </Filter>
    <Filter Include="Interface">
      <UniqueIdentifier>{085feaff-19d9-4452-9e51-6ebb104cc77c}</UniqueIdentifier>
    </Filter>
    <Filter Include="NetworkBase">
      <UniqueIdentifier>{1015a222-edb8-41c3-9189-2b921a28f339}</UniqueIdentifier>
    </Filter>
  </ItemGroup>
  <ItemGroup>
    <None Include="ReadMe.txt" />
  </ItemGroup>
  <ItemGroup>
    <ClInclude Include="..\..\Include\IUdpNetServer.h">
      <Filter>Interface</Filter>
    </ClInclude>
  </ItemGroup>
</Project>